
Microsoft Visual Studio Solution File, Format Version 12.00
# Visual Studio Version 17
VisualStudioVersion = 17.14.37027.9
MinimumVisualStudioVersion = 10.0.40219.1
Project("{FAE04EC0-301F-11D3-BF4B-00C04F79EFBC}") = "WPF", "WPF\WPF.csproj", "{35F751EF-3549-4186-95A1-F1BF9865F877}"
EndProject
Project("{FAE04EC0-301F-11D3-BF4B-00C04F79EFBC}") = "Grid", "Grid\Grid.csproj", "{9F66AF62-67B0-4BA9-A06C-12EAEEBEECC7}"
EndProject
Project("{FAE04EC0-301F-11D3-BF4B-00C04F79EFBC}") = "Binding", "Binding\Binding.csproj", "{6FAEE6D9-186E-4BDB-BA93-473257DC56AF}"
EndProject
Global
	GlobalSection(SolutionConfigurationPlatforms) = preSolution
		Debug|Any CPU = Debug|Any CPU
		Release|Any CPU = Release|Any CPU
	EndGlobalSection
	GlobalSection(ProjectConfigurationPlatforms) = postSolution
		{35F751EF-3549-4186-95A1-F1BF9865F877}.Debug|Any CPU.ActiveCfg = Debug|Any CPU
		{35F751EF-3549-4186-95A1-F1BF9865F877}.Debug|Any CPU.Build.0 = Debug|Any CPU
		{35F751EF-3549-4186-95A1-F1BF9865F877}.Release|Any CPU.ActiveCfg = Release|Any CPU
		{35F751EF-3549-4186-95A1-F1BF9865F877}.Release|Any CPU.Build.0 = Release|Any CPU
		{9F66AF62-67B0-4BA9-A06C-12EAEEBEECC7}.Debug|Any CPU.ActiveCfg = Debug|Any CPU
		{9F66AF62-67B0-4BA9-A06C-12EAEEBEECC7}.Debug|Any CPU.Build.0 = Debug|Any CPU
		{9F66AF62-67B0-4BA9-A06C-12EAEEBEECC7}.Release|Any CPU.ActiveCfg = Release|Any CPU
		{9F66AF62-67B0-4BA9-A06C-12EAEEBEECC7}.Release|Any CPU.Build.0 = Release|Any CPU
		{6FAEE6D9-186E-4BDB-BA93-473257DC56AF}.Debug|Any CPU.ActiveCfg = Debug|Any CPU
		{6FAEE6D9-186E-4BDB-BA93-473257DC56AF}.Debug|Any CPU.Build.0 = Debug|Any CPU
		{6FAEE6D9-186E-4BDB-BA93-473257DC56AF}.Release|Any CPU.ActiveCfg = Release|Any CPU
		{6FAEE6D9-186E-4BDB-BA93-473257DC56AF}.Release|Any CPU.Build.0 = Release|Any CPU
	EndGlobalSection
	GlobalSection(SolutionProperties) = preSolution
		HideSolutionNode = FALSE
	EndGlobalSection
	GlobalSection(ExtensibilityGlobals) = postSolution
		SolutionGuid = {FA04DF5C-6E93-4F5C-8252-68B2ACDCB321}
	EndGlobalSection
EndGlobal
